
Microsoft Visual Studio Solution File, Format Version 12.00
# Visual Studio Version 16
VisualStudioVersion = 16.0.30907.101
MinimumVisualStudioVersion = 10.0.40219.1
Project("{9A19103F-16F7-4668-BE54-9A1E7A4F7556}") = "SalesProject.Domain", "..\SalesProject.Domain\SalesProject.Domain.csproj", "{36513C84-9498-4879-973F-0E9E9654F397}"
EndProject
Project("{9A19103F-16F7-4668-BE54-9A1E7A4F7556}") = "SalesProject.Infra", "..\SalesProject.Infra\SalesProject.Infra.csproj", "{103302E1-E93A-4F06-A0FA-3E7F5E44DECA}"
EndProject
Project("{FAE04EC0-301F-11D3-BF4B-00C04F79EFBC}") = "SalesProject.Api", "..\SalesProject.Api\SalesProject.Api.csproj", "{27812BD7-70F6-4A9B-ABAD-DF4488E8AF45}"
EndProject
Global
	GlobalSection(SolutionConfigurationPlatforms) = preSolution
		Debug|Any CPU = Debug|Any CPU
		Release|Any CPU = Release|Any CPU
	EndGlobalSection
	GlobalSection(ProjectConfigurationPlatforms) = postSolution
		{36513C84-9498-4879-973F-0E9E9654F397}.Debug|Any CPU.ActiveCfg = Debug|Any CPU
		{36513C84-9498-4879-973F-0E9E9654F397}.Debug|Any CPU.Build.0 = Debug|Any CPU
		{36513C84-9498-4879-973F-0E9E9654F397}.Release|Any CPU.ActiveCfg = Release|Any CPU
		{36513C84-9498-4879-973F-0E9E9654F397}.Release|Any CPU.Build.0 = Release|Any CPU
		{103302E1-E93A-4F06-A0FA-3E7F5E44DECA}.Debug|Any CPU.ActiveCfg = Debug|Any CPU
		{103302E1-E93A-4F06-A0FA-3E7F5E44DECA}.Debug|Any CPU.Build.0 = Debug|Any CPU
		{103302E1-E93A-4F06-A0FA-3E7F5E44DECA}.Release|Any CPU.ActiveCfg = Release|Any CPU
		{103302E1-E93A-4F06-A0FA-3E7F5E44DECA}.Release|Any CPU.Build.0 = Release|Any CPU
		{27812BD7-70F6-4A9B-ABAD-DF4488E8AF45}.Debug|Any CPU.ActiveCfg = Debug|Any CPU
		{27812BD7-70F6-4A9B-ABAD-DF4488E8AF45}.Debug|Any CPU.Build.0 = Debug|Any CPU
		{27812BD7-70F6-4A9B-ABAD-DF4488E8AF45}.Release|Any CPU.ActiveCfg = Release|Any CPU
		{27812BD7-70F6-4A9B-ABAD-DF4488E8AF45}.Release|Any CPU.Build.0 = Release|Any CPU
	EndGlobalSection
	GlobalSection(SolutionProperties) = preSolution
		HideSolutionNode = FALSE
	EndGlobalSection
	GlobalSection(ExtensibilityGlobals) = postSolution
		SolutionGuid = {67995B43-7C28-462C-BC7C-DCFD894DA715}
	EndGlobalSection
EndGlobal
